
Microsoft Visual Studio Solution File, Format Version 12.00
# Visual Studio Version 17
VisualStudioVersion = 17.3.32819.101
MinimumVisualStudioVersion = 10.0.40219.1
Project("{FAE04EC0-301F-11D3-BF4B-00C04F79EFBC}") = "SRPlaylistManager", "SRPlaylistManager.csproj", "{2A3FFEC0-C394-42DF-9371-ECE6A0A2D05E}"
EndProject
Global
	GlobalSection(SolutionConfigurationPlatforms) = preSolution
		Debug|Any CPU = Debug|Any CPU
		Release|Any CPU = Release|Any CPU
	EndGlobalSection
	GlobalSection(ProjectConfigurationPlatforms) = postSolution
		{2A3FFEC0-C394-42DF-9371-ECE6A0A2D05E}.Debug|Any CPU.ActiveCfg = Debug|Any CPU
		{2A3FFEC0-C394-42DF-9371-ECE6A0A2D05E}.Debug|Any CPU.Build.0 = Debug|Any CPU
		{2A3FFEC0-C394-42DF-9371-ECE6A0A2D05E}.Release|Any CPU.ActiveCfg = Release|Any CPU
		{2A3FFEC0-C394-42DF-9371-ECE6A0A2D05E}.Release|Any CPU.Build.0 = Release|Any CPU
	EndGlobalSection
	GlobalSection(SolutionProperties) = preSolution
		HideSolutionNode = FALSE
	EndGlobalSection
	GlobalSection(ExtensibilityGlobals) = postSolution
		SolutionGuid = {AB902D40-1DE8-446E-B9C4-BB2437A0BC33}
	EndGlobalSection
EndGlobal
